// !$*UTF8*$!
{
	archiveVersion = 1;
	classes = {
	};
	objectVersion = 46;
	objects = {

/* Begin PBXBuildFile section */
		CADC9CA015C96A9C0050F2B9 /* UIKit.framework in Frameworks */ = {isa = PBXBuildFile; fileRef = CADC9C9F15C96A9C0050F2B9 /* UIKit.framework */; };
		CADC9CA215C96A9C0050F2B9 /* Foundation.framework in Frameworks */ = {isa = PBXBuildFile; fileRef = CADC9CA115C96A9C0050F2B9 /* Foundation.framework */; };
		CADC9CA415C96A9C0050F2B9 /* CoreGraphics.framework in Frameworks */ = {isa = PBXBuildFile; fileRef = CADC9CA315C96A9C0050F2B9 /* CoreGraphics.framework */; };
		CADC9CAA15C96A9C0050F2B9 /* InfoPlist.strings in Resources */ = {isa = PBXBuildFile; fileRef = CADC9CA815C96A9C0050F2B9 /* InfoPlist.strings */; };
		CADC9CAC15C96A9C0050F2B9 /* main.m in Sources */ = {isa = PBXBuildFile; fileRef = CADC9CAB15C96A9C0050F2B9 /* main.m */; };
		CADC9CB015C96A9C0050F2B9 /* AppDelegate.m in Sources */ = {isa = PBXBuildFile; fileRef = CADC9CAF15C96A9C0050F2B9 /* AppDelegate.m */; };
		CADC9CB315C96A9C0050F2B9 /* ViewController.m in Sources */ = {isa = PBXBuildFile; fileRef = CADC9CB215C96A9C0050F2B9 /* ViewController.m */; };
		CADC9CB615C96A9C0050F2B9 /* ViewController.xib in Resources */ = {isa = PBXBuildFile; fileRef = CADC9CB415C96A9C0050F2B9 /* ViewController.xib */; };
/* End PBXBuildFile section */

/* Begin PBXFileReference section */
		CADC9C9B15C96A9C0050F2B9 /* AR_Ch1.app */ = {isa = PBXFileReference; explicitFileType = wrapper.application; includeInIndex = 0; path = AR_Ch1.app; sourceTree = BUILT_PRODUCTS_DIR; };
		CADC9C9F15C96A9C0050F2B9 /* UIKit.framework */ = {isa = PBXFileReference; lastKnownFileType = wrapper.framework; name = UIKit.framework; path = System/Library/Frameworks/UIKit.framework; sourceTree = SDKROOT; };
		CADC9CA115C96A9C0050F2B9 /* Foundation.framework */ = {isa = PBXFileReference; lastKnownFileType = wrapper.framework; name = Foundation.framework; path = System/Library/Frameworks/Foundation.framework; sourceTree = SDKROOT; };
		CADC9CA315C96A9C0050F2B9 /* CoreGraphics.framework */ = {isa = PBXFileReference; lastKnownFileType = wrapper.framework; name = CoreGraphics.framework; path = System/Library/Frameworks/CoreGraphics.framework; sourceTree = SDKROOT; };
		CADC9CA715C96A9C0050F2B9 /* AR_Ch1-Info.plist */ = {isa = PBXFileReference; lastKnownFileType = text.plist.xml; path = "AR_Ch1-Info.plist"; sourceTree = "<group>"; };
		CADC9CA915C96A9C0050F2B9 /* en */ = {isa = PBXFileReference; lastKnownFileType = text.plist.strings; name = en; path = en.lproj/InfoPlist.strings; sourceTree = "<group>"; };
		CADC9CAB15C96A9C0050F2B9 /* main.m */ = {isa = PBXFileReference; lastKnownFileType = sourcecode.c.objc; path = main.m; sourceTree = "<group>"; };
		CADC9CAD15C96A9C0050F2B9 /* AR_Ch1-Prefix.pch */ = {isa = PBXFileReference; lastKnownFileType = sourcecode.c.h; path = "AR_Ch1-Prefix.pch"; sourceTree = "<group>"; };
		CADC9CAE15C96A9C0050F2B9 /* AppDelegate.h */ = {isa = PBXFileReference; lastKnownFileType = sourcecode.c.h; path = AppDelegate.h; sourceTree = "<group>"; };
		CADC9CAF15C96A9C0050F2B9 /* AppDelegate.m */ = {isa = PBXFileReference; lastKnownFileType = sourcecode.c.objc; path = AppDelegate.m; sourceTree = "<group>"; };
		CADC9CB115C96A9C0050F2B9 /* ViewController.h */ = {isa = PBXFileReference; lastKnownFileType = sourcecode.c.h; path = ViewController.h; sourceTree = "<group>"; };
		CADC9CB215C96A9C0050F2B9 /* ViewController.m */ = {isa = PBXFileReference; lastKnownFileType = sourcecode.c.objc; path = ViewController.m; sourceTree = "<group>"; };
		CADC9CB515C96A9C0050F2B9 /* en */ = {isa = PBXFileReference; lastKnownFileType = file.xib; name = en; path = en.lproj/ViewController.xib; sourceTree = "<group>"; };
/* End PBXFileReference section */

/* Begin PBXFrameworksBuildPhase section */
		CADC9C9815C96A9C0050F2B9 /* Frameworks */ = {
			isa = PBXFrameworksBuildPhase;
			buildActionMask = 2147483647;
			files = (
				CADC9CA015C96A9C0050F2B9 /* UIKit.framework in Frameworks */,
				CADC9CA215C96A9C0050F2B9 /* Foundation.framework in Frameworks */,
				CADC9CA415C96A9C0050F2B9 /* CoreGraphics.framework in Frameworks */,
			);
			runOnlyForDeploymentPostprocessing = 0;
		};
/* End PBXFrameworksBuildPhase section */

/* Begin PBXGroup section */
		CADC9C9015C96A9C0050F2B9 = {
			isa = PBXGroup;
			children = (
				CADC9CA515C96A9C0050F2B9 /* AR_Ch1 */,
				CADC9C9E15C96A9C0050F2B9 /* Frameworks */,
				CADC9C9C15C96A9C0050F2B9 /* Products */,
			);
			sourceTree = "<group>";
		};
		CADC9C9C15C96A9C0050F2B9 /* Products */ = {
			isa = PBXGroup;
			children = (
				CADC9C9B15C96A9C0050F2B9 /* AR_Ch1.app */,
			);
			name = Products;
			sourceTree = "<group>";
		};
		CADC9C9E15C96A9C0050F2B9 /* Frameworks */ = {
			isa = PBXGroup;
			children = (
				CADC9C9F15C96A9C0050F2B9 /* UIKit.framework */,
				CADC9CA115C96A9C0050F2B9 /* Foundation.framework */,
				CADC9CA315C96A9C0050F2B9 /* CoreGraphics.framework */,
			);
			name = Frameworks;
			sourceTree = "<group>";
		};
		CADC9CA515C96A9C0050F2B9 /* AR_Ch1 */ = {
			isa = PBXGroup;
			children = (
				CADC9CAE15C96A9C0050F2B9 /* AppDelegate.h */,
				CADC9CAF15C96A9C0050F2B9 /* AppDelegate.m */,
				CADC9CB115C96A9C0050F2B9 /* ViewController.h */,
				CADC9CB215C96A9C0050F2B9 /* ViewController.m */,
				CADC9CB415C96A9C0050F2B9 /* ViewController.xib */,
				CADC9CA615C96A9C0050F2B9 /* Supporting Files */,
			);
			path = AR_Ch1;
			sourceTree = "<group>";
		};
		CADC9CA615C96A9C0050F2B9 /* Supporting Files */ = {
			isa = PBXGroup;
			children = (
				CADC9CA715C96A9C0050F2B9 /* AR_Ch1-Info.plist */,
				CADC9CA815C96A9C0050F2B9 /* InfoPlist.strings */,
				CADC9CAB15C96A9C0050F2B9 /* main.m */,
				CADC9CAD15C96A9C0050F2B9 /* AR_Ch1-Prefix.pch */,
			);
			name = "Supporting Files";
			sourceTree = "<group>";
		};
/* End PBXGroup section */

/* Begin PBXNativeTarget section */
		CADC9C9A15C96A9C0050F2B9 /* AR_Ch1 */ = {
			isa = PBXNativeTarget;
			buildConfigurationList = CADC9CB915C96A9C0050F2B9 /* Build configuration list for PBXNativeTarget "AR_Ch1" */;
			buildPhases = (
				CADC9C9715C96A9C0050F2B9 /* Sources */,
				CADC9C9815C96A9C0050F2B9 /* Frameworks */,
				CADC9C9915C96A9C0050F2B9 /* Resources */,
			);
			buildRules = (
			);
			dependencies = (
			);
			name = AR_Ch1;
			productName = AR_Ch1;
			productReference = CADC9C9B15C96A9C0050F2B9 /* AR_Ch1.app */;
			productType = "com.apple.product-type.application";
		};
/* End PBXNativeTarget section */

/* Begin PBXProject section */
		CADC9C9215C96A9C0050F2B9 /* Project object */ = {
			isa = PBXProject;
			attributes = {
				LastUpgradeCheck = 0440;
				ORGANIZATIONNAME = "Nicola Duz";
			};
			buildConfigurationList = CADC9C9515C96A9C0050F2B9 /* Build configuration list for PBXProject "AR_Ch1" */;
			compatibilityVersion = "Xcode 3.2";
			developmentRegion = English;
			hasScannedForEncodings = 0;
			knownRegions = (
				en,
			);
			mainGroup = CADC9C9015C96A9C0050F2B9;
			productRefGroup = CADC9C9C15C96A9C0050F2B9 /* Products */;
			projectDirPath = "";
			projectRoot = "";
			targets = (
				CADC9C9A15C96A9C0050F2B9 /* AR_Ch1 */,
			);
		};
/* End PBXProject section */

/* Begin PBXResourcesBuildPhase section */
		CADC9C9915C96A9C0050F2B9 /* Resources */ = {
			isa = PBXResourcesBuildPhase;
			buildActionMask = 2147483647;
			files = (
				CADC9CAA15C96A9C0050F2B9 /* InfoPlist.strings in Resources */,
				CADC9CB615C96A9C0050F2B9 /* ViewController.xib in Resources */,
			);
			runOnlyForDeploymentPostprocessing = 0;
		};
/* End PBXResourcesBuildPhase section */

/* Begin PBXSourcesBuildPhase section */
		CADC9C9715C96A9C0050F2B9 /* Sources */ = {
			isa = PBXSourcesBuildPhase;
			buildActionMask = 2147483647;
			files = (
				CADC9CAC15C96A9C0050F2B9 /* main.m in Sources */,
				CADC9CB015C96A9C0050F2B9 /* AppDelegate.m in Sources */,
				CADC9CB315C96A9C0050F2B9 /* ViewController.m in Sources */,
			);
			runOnlyForDeploymentPostprocessing = 0;
		};
/* End PBXSourcesBuildPhase section */

/* Begin PBXVariantGroup section */
		CADC9CA815C96A9C0050F2B9 /* InfoPlist.strings */ = {
			isa = PBXVariantGroup;
			children = (
				CADC9CA915C96A9C0050F2B9 /* en */,
			);
			name = InfoPlist.strings;
			sourceTree = "<group>";
		};
		CADC9CB415C96A9C0050F2B9 /* ViewController.xib */ = {
			isa = PBXVariantGroup;
			children = (
				CADC9CB515C96A9C0050F2B9 /* en */,
			);
			name = ViewController.xib;
			sourceTree = "<group>";
		};
/* End PBXVariantGroup section */

/* Begin XCBuildConfiguration section */
		CADC9CB715C96A9C0050F2B9 /* Debug */ = {
			isa = XCBuildConfiguration;
			buildSettings = {
				ALWAYS_SEARCH_USER_PATHS = NO;
				ARCHS = "$(ARCHS_STANDARD_32_BIT)";
				CLANG_CXX_LANGUAGE_STANDARD = "gnu++0x";
				CLANG_ENABLE_OBJC_ARC = YES;
				CLANG_WARN__DUPLICATE_METHOD_MATCH = YES;
				"CODE_SIGN_IDENTITY[sdk=iphoneos*]" = "iPhone Developer";
				COPY_PHASE_STRIP = NO;
				GCC_C_LANGUAGE_STANDARD = gnu99;
				GCC_DYNAMIC_NO_PIC = NO;
				GCC_OPTIMIZATION_LEVEL = 0;
				GCC_PREPROCESSOR_DEFINITIONS = (
					"DEBUG=1",
					"$(inherited)",
				);
				GCC_SYMBOLS_PRIVATE_EXTERN = NO;
				GCC_VERSION = com.apple.compilers.llvm.clang.1_0;
				GCC_WARN_ABOUT_RETURN_TYPE = YES;
				GCC_WARN_UNINITIALIZED_AUTOS = YES;
				GCC_WARN_UNUSED_VARIABLE = YES;
				IPHONEOS_DEPLOYMENT_TARGET = 5.1;
				SDKROOT = iphoneos;
				TARGETED_DEVICE_FAMILY = 2;
			};
			name = Debug;
		};
		CADC9CB815C96A9C0050F2B9 /* Release */ = {
			isa = XCBuildConfiguration;
			buildSettings = {
				ALWAYS_SEARCH_USER_PATHS = NO;
				ARCHS = "$(ARCHS_STANDARD_32_BIT)";
				CLANG_CXX_LANGUAGE_STANDARD = "gnu++0x";
				CLANG_ENABLE_OBJC_ARC = YES;
				CLANG_WARN__DUPLICATE_METHOD_MATCH = YES;
				"CODE_SIGN_IDENTITY[sdk=iphoneos*]" = "iPhone Developer";
				COPY_PHASE_STRIP = YES;
				GCC_C_LANGUAGE_STANDARD = gnu99;
				GCC_VERSION = com.apple.compilers.llvm.clang.1_0;
				GCC_WARN_ABOUT_RETURN_TYPE = YES;
				GCC_WARN_UNINITIALIZED_AUTOS = YES;
				GCC_WARN_UNUSED_VARIABLE = YES;
				IPHONEOS_DEPLOYMENT_TARGET = 5.1;
				OTHER_CFLAGS = "-DNS_BLOCK_ASSERTIONS=1";
				SDKROOT = iphoneos;
				TARGETED_DEVICE_FAMILY = 2;
				VALIDATE_PRODUCT = YES;
			};
			name = Release;
		};
		CADC9CBA15C96A9C0050F2B9 /* Debug */ = {
			isa = XCBuildConfiguration;
			buildSettings = {
				GCC_PRECOMPILE_PREFIX_HEADER = YES;
				GCC_PREFIX_HEADER = "AR_Ch1/AR_Ch1-Prefix.pch";
				INFOPLIST_FILE = "AR_Ch1/AR_Ch1-Info.plist";
				PRODUCT_NAME = "$(TARGET_NAME)";
				WRAPPER_EXTENSION = app;
			};
			name = Debug;
		};
		CADC9CBB15C96A9C0050F2B9 /* Release */ = {
			isa = XCBuildConfiguration;
			buildSettings = {
				GCC_PRECOMPILE_PREFIX_HEADER = YES;
				GCC_PREFIX_HEADER = "AR_Ch1/AR_Ch1-Prefix.pch";
				INFOPLIST_FILE = "AR_Ch1/AR_Ch1-Info.plist";
				PRODUCT_NAME = "$(TARGET_NAME)";
				WRAPPER_EXTENSION = app;
			};
			name = Release;
		};
/* End XCBuildConfiguration section */

/* Begin XCConfigurationList section */
		CADC9C9515C96A9C0050F2B9 /* Build configuration list for PBXProject "AR_Ch1" */ = {
			isa = XCConfigurationList;
			buildConfigurations = (
				CADC9CB715C96A9C0050F2B9 /* Debug */,
				CADC9CB815C96A9C0050F2B9 /* Release */,
			);
			defaultConfigurationIsVisible = 0;
			defaultConfigurationName = Release;
		};
		CADC9CB915C96A9C0050F2B9 /* Build configuration list for PBXNativeTarget "AR_Ch1" */ = {
			isa = XCConfigurationList;
			buildConfigurations = (
				CADC9CBA15C96A9C0050F2B9 /* Debug */,
				CADC9CBB15C96A9C0050F2B9 /* Release */,
			);
			defaultConfigurationIsVisible = 0;
		};
/* End XCConfigurationList section */
	};
	rootObject = CADC9C9215C96A9C0050F2B9 /* Project object */;
}
